version = 1
revision = 3
requires-python = ">=3.9"

[[package]]
name = "uvdeptest-noextras"
version = "0.1.0"
source = { virtual = "." }
dependencies = [
    { name = "yt-dlp" },
]

[package.metadata]
requires-dist = [{ name = "yt-dlp", specifier = ">=2024.7.25" }]

[[package]]
name = "yt-dlp"
version = "2025.8.27"
source = { registry = "https://pypi.org/simple" }
sdist = { url = "https://files.pythonhosted.org/packages/f4/d4/d9dd231b03f09fdfb5f0fe70f30de0b5f59454aa54fa6b2b2aea49404988/yt_dlp-2025.8.27.tar.gz", hash = "sha256:ed74768d2a93b29933ab14099da19497ef571637f7aa375140dd3d882b9c1854", size = 3038374, upload-time = "2025-08-28T00:03:41.418Z" }
wheels = [
    { url = "https://files.pythonhosted.org/packages/cb/9c/b69fc0c800f80b94ea2f8eff1d1f473fecee6aa337681d297ba7c7c5d3fd/yt_dlp-2025.8.27-py3-none-any.whl", hash = "sha256:0b8fd3bb7c54bc2e7ecb5cdac7d64c30e2503ea4d3dd9ae24d4f09e22aaa95f4", size = 3267059, upload-time = "2025-08-28T00:03:38.793Z" },
]
