version = 1
revision = 3
requires-python = ">=3.9"

[[package]]
name = "uvdeptest-noextras"
version = "0.1.0"
source = { virtual = "." }
dependencies = [
    { name = "yt-dlp" },
]

[package.metadata]
requires-dist = [{ name = "yt-dlp", specifier = ">=2024.7.25" }]

[[package]]
name = "yt-dlp"
version = "2025.9.23"
source = { registry = "https://pypi.org/simple" }
sdist = { url = "https://files.pythonhosted.org/packages/90/77/24a13bbd3190849e7e37e6093aa9648f3b26a836d37ba67e3429ee89ad1d/yt_dlp-2025.9.23.tar.gz", hash = "sha256:9282ad1deadb4c90b2e6d3bcf9f360abf88c5f2e4ba836dad7b51387b086d757", size = 3036855, upload-time = "2025-09-23T06:54:46.174Z" }
wheels = [
    { url = "https://files.pythonhosted.org/packages/1e/b7/723a4061d7efac4bbb86eddef9ceec0fc1e85415c7d665c2e5e1879759bb/yt_dlp-2025.9.23-py3-none-any.whl", hash = "sha256:84e36acf2dfbadb307d734a590dd937923173b13c57cf45a662f40c93e746302", size = 3241497, upload-time = "2025-09-23T06:54:43.485Z" },
]
