version = 1
revision = 2
requires-python = ">=3.9"

[[package]]
name = "uvdeptest-noextras"
version = "0.1.0"
source = { virtual = "." }
dependencies = [
    { name = "yt-dlp" },
]

[package.metadata]
requires-dist = [{ name = "yt-dlp", specifier = ">=2024.7.25" }]

[[package]]
name = "yt-dlp"
version = "2025.6.25"
source = { registry = "https://pypi.org/simple" }
sdist = { url = "https://files.pythonhosted.org/packages/88/77/5e86a5345fe1cf5bad022a1b7323c9934c6a867e886fdc0cae44de8a0589/yt_dlp-2025.6.25.tar.gz", hash = "sha256:242b648e1a18ab04bdd4cc175a317fe8ec3ad7d0175eee9f981912624b3d6c8b", size = 3036249, upload-time = "2025-06-26T00:04:58.395Z" }
wheels = [
    { url = "https://files.pythonhosted.org/packages/1f/fc/cb3be70e9dd354d6f6ecb2200011a1d05a3a9c219e1adacfd5de77440d79/yt_dlp-2025.6.25-py3-none-any.whl", hash = "sha256:1eb31c9a47d56c7433be23a6ae084c640bd4e14961ad43076927ef05280871ea", size = 3282762, upload-time = "2025-06-26T00:04:56.026Z" },
]
